
Microsoft Visual Studio Solution File, Format Version 12.00
# Visual Studio Version 17
VisualStudioVersion = 17.7.34031.279
MinimumVisualStudioVersion = 10.0.40219.1
Project("{FAE04EC0-301F-11D3-BF4B-00C04F79EFBC}") = "Solid", "Solid.csproj", "{322A628D-4E70-4FD5-AA8B-ABCA498F2F19}"
EndProject
Global
	GlobalSection(SolutionConfigurationPlatforms) = preSolution
		Debug|Any CPU = Debug|Any CPU
		Release|Any CPU = Release|Any CPU
	EndGlobalSection
	GlobalSection(ProjectConfigurationPlatforms) = postSolution
		{322A628D-4E70-4FD5-AA8B-ABCA498F2F19}.Debug|Any CPU.ActiveCfg = Debug|Any CPU
		{322A628D-4E70-4FD5-AA8B-ABCA498F2F19}.Debug|Any CPU.Build.0 = Debug|Any CPU
		{322A628D-4E70-4FD5-AA8B-ABCA498F2F19}.Release|Any CPU.ActiveCfg = Release|Any CPU
		{322A628D-4E70-4FD5-AA8B-ABCA498F2F19}.Release|Any CPU.Build.0 = Release|Any CPU
	EndGlobalSection
	GlobalSection(SolutionProperties) = preSolution
		HideSolutionNode = FALSE
	EndGlobalSection
	GlobalSection(ExtensibilityGlobals) = postSolution
		SolutionGuid = {3D1CD250-9A69-4CCE-B758-99ABE71CD0C7}
	EndGlobalSection
EndGlobal
