
Microsoft Visual Studio Solution File, Format Version 12.00
# Visual Studio Version 17
VisualStudioVersion = 17.7.34031.279
MinimumVisualStudioVersion = 10.0.40219.1
Project("{9A19103F-16F7-4668-BE54-9A1E7A4F7556}") = "Builder", "Builder\Builder.csproj", "{0AF378AC-AE87-40E5-BFDF-48CFA6816C6A}"
EndProject
Project("{9A19103F-16F7-4668-BE54-9A1E7A4F7556}") = "FluentBuilderInheritanceWithRecursiveGenerics", "Fluent\FluentBuilderInheritanceWithRecursiveGenerics.csproj", "{20921D73-2EDB-4A06-BBF6-CBE2EF8CDCB5}"
EndProject
Project("{FAE04EC0-301F-11D3-BF4B-00C04F79EFBC}") = "StepwiseBuilder", "StepwiseBuilder\StepwiseBuilder.csproj", "{9179EC58-8B42-4493-9569-9B2484EC566C}"
EndProject
Project("{FAE04EC0-301F-11D3-BF4B-00C04F79EFBC}") = "FunctionalBuilder", "FunctionalBuilder\FunctionalBuilder.csproj", "{402074E6-0E1F-4880-BF82-4CCF63B17CF2}"
EndProject
Global
	GlobalSection(SolutionConfigurationPlatforms) = preSolution
		Debug|Any CPU = Debug|Any CPU
		Release|Any CPU = Release|Any CPU
	EndGlobalSection
	GlobalSection(ProjectConfigurationPlatforms) = postSolution
		{0AF378AC-AE87-40E5-BFDF-48CFA6816C6A}.Debug|Any CPU.ActiveCfg = Debug|Any CPU
		{0AF378AC-AE87-40E5-BFDF-48CFA6816C6A}.Debug|Any CPU.Build.0 = Debug|Any CPU
		{0AF378AC-AE87-40E5-BFDF-48CFA6816C6A}.Release|Any CPU.ActiveCfg = Release|Any CPU
		{0AF378AC-AE87-40E5-BFDF-48CFA6816C6A}.Release|Any CPU.Build.0 = Release|Any CPU
		{20921D73-2EDB-4A06-BBF6-CBE2EF8CDCB5}.Debug|Any CPU.ActiveCfg = Debug|Any CPU
		{20921D73-2EDB-4A06-BBF6-CBE2EF8CDCB5}.Debug|Any CPU.Build.0 = Debug|Any CPU
		{20921D73-2EDB-4A06-BBF6-CBE2EF8CDCB5}.Release|Any CPU.ActiveCfg = Release|Any CPU
		{20921D73-2EDB-4A06-BBF6-CBE2EF8CDCB5}.Release|Any CPU.Build.0 = Release|Any CPU
		{9179EC58-8B42-4493-9569-9B2484EC566C}.Debug|Any CPU.ActiveCfg = Debug|Any CPU
		{9179EC58-8B42-4493-9569-9B2484EC566C}.Debug|Any CPU.Build.0 = Debug|Any CPU
		{9179EC58-8B42-4493-9569-9B2484EC566C}.Release|Any CPU.ActiveCfg = Release|Any CPU
		{9179EC58-8B42-4493-9569-9B2484EC566C}.Release|Any CPU.Build.0 = Release|Any CPU
		{402074E6-0E1F-4880-BF82-4CCF63B17CF2}.Debug|Any CPU.ActiveCfg = Debug|Any CPU
		{402074E6-0E1F-4880-BF82-4CCF63B17CF2}.Debug|Any CPU.Build.0 = Debug|Any CPU
		{402074E6-0E1F-4880-BF82-4CCF63B17CF2}.Release|Any CPU.ActiveCfg = Release|Any CPU
		{402074E6-0E1F-4880-BF82-4CCF63B17CF2}.Release|Any CPU.Build.0 = Release|Any CPU
	EndGlobalSection
	GlobalSection(SolutionProperties) = preSolution
		HideSolutionNode = FALSE
	EndGlobalSection
	GlobalSection(ExtensibilityGlobals) = postSolution
		SolutionGuid = {CC51824B-67BD-49FB-8CDC-35346F5D7019}
	EndGlobalSection
EndGlobal
